// !$*UTF8*$!
{
	archiveVersion = 1;
	classes = {
	};
	objectVersion = 46;
	objects = {

/* Begin PBXBuildFile section */
		83411690FCF42C78F35C06BB /* Pods_csulb_beach_hacks_project.framework in Frameworks */ = {isa = PBXBuildFile; fileRef = CD1DB9058CC146B6118C6A8B /* Pods_csulb_beach_hacks_project.framework */; };
		DE25B6AD1CB09FBF00F69A07 /* AppDelegate.swift in Sources */ = {isa = PBXBuildFile; fileRef = DE25B6AC1CB09FBF00F69A07 /* AppDelegate.swift */; };
		DE25B6AF1CB09FBF00F69A07 /* ViewController.swift in Sources */ = {isa = PBXBuildFile; fileRef = DE25B6AE1CB09FBF00F69A07 /* ViewController.swift */; };
		DE25B6B21CB09FBF00F69A07 /* Main.storyboard in Resources */ = {isa = PBXBuildFile; fileRef = DE25B6B01CB09FBF00F69A07 /* Main.storyboard */; };
		DE25B6B41CB09FBF00F69A07 /* Assets.xcassets in Resources */ = {isa = PBXBuildFile; fileRef = DE25B6B31CB09FBF00F69A07 /* Assets.xcassets */; };
		DE25B6B71CB09FBF00F69A07 /* LaunchScreen.storyboard in Resources */ = {isa = PBXBuildFile; fileRef = DE25B6B51CB09FBF00F69A07 /* LaunchScreen.storyboard */; };
		DE25B6C21CB09FBF00F69A07 /* csulb_beach_hacks_projectTests.swift in Sources */ = {isa = PBXBuildFile; fileRef = DE25B6C11CB09FBF00F69A07 /* csulb_beach_hacks_projectTests.swift */; };
		DE25B6CD1CB09FBF00F69A07 /* csulb_beach_hacks_projectUITests.swift in Sources */ = {isa = PBXBuildFile; fileRef = DE25B6CC1CB09FBF00F69A07 /* csulb_beach_hacks_projectUITests.swift */; };
		DE25B6DD1CB1BF4100F69A07 /* GoogleDriveFoldersTableCtrlr.swift in Sources */ = {isa = PBXBuildFile; fileRef = DE25B6DC1CB1BF4100F69A07 /* GoogleDriveFoldersTableCtrlr.swift */; };
		DE3DE48922CCDE91002881A1 /* FileUploadViewController.swift in Sources */ = {isa = PBXBuildFile; fileRef = DE3DE48822CCDE91002881A1 /* FileUploadViewController.swift */; };
		DE3DE48B22CCFC4D002881A1 /* SelectedFolderTableViewController.swift in Sources */ = {isa = PBXBuildFile; fileRef = DE3DE48A22CCFC4D002881A1 /* SelectedFolderTableViewController.swift */; };
		DE3DE48D22CD39E6002881A1 /* SelectedFileViewController.swift in Sources */ = {isa = PBXBuildFile; fileRef = DE3DE48C22CD39E6002881A1 /* SelectedFileViewController.swift */; };
		DE4080D522D5427800685E4B /* NewFileViewController.swift in Sources */ = {isa = PBXBuildFile; fileRef = DE4080D422D5427800685E4B /* NewFileViewController.swift */; };
		DE74A5B71CC16E8B00653126 /* GoogleDrive.swift in Sources */ = {isa = PBXBuildFile; fileRef = DE74A5B61CC16E8B00653126 /* GoogleDrive.swift */; };
/* End PBXBuildFile section */

/* Begin PBXContainerItemProxy section */
		DE25B6BE1CB09FBF00F69A07 /* PBXContainerItemProxy */ = {
			isa = PBXContainerItemProxy;
			containerPortal = DE25B6A11CB09FBF00F69A07 /* Project object */;
			proxyType = 1;
			remoteGlobalIDString = DE25B6A81CB09FBF00F69A07;
			remoteInfo = "csulb beach hacks project";
		};
		DE25B6C91CB09FBF00F69A07 /* PBXContainerItemProxy */ = {
			isa = PBXContainerItemProxy;
			containerPortal = DE25B6A11CB09FBF00F69A07 /* Project object */;
			proxyType = 1;
			remoteGlobalIDString = DE25B6A81CB09FBF00F69A07;
			remoteInfo = "csulb beach hacks project";
		};
/* End PBXContainerItemProxy section */

/* Begin PBXFileReference section */
		12A858B13E18A2219B812C32 /* Pods-csulb beach hacks project.release.xcconfig */ = {isa = PBXFileReference; includeInIndex = 1; lastKnownFileType = text.xcconfig; name = "Pods-csulb beach hacks project.release.xcconfig"; path = "Target Support Files/Pods-csulb beach hacks project/Pods-csulb beach hacks project.release.xcconfig"; sourceTree = "<group>"; };
		7AF2A88966C292CDD99E1413 /* Pods-csulb beach hacks project.debug.xcconfig */ = {isa = PBXFileReference; includeInIndex = 1; lastKnownFileType = text.xcconfig; name = "Pods-csulb beach hacks project.debug.xcconfig"; path = "Target Support Files/Pods-csulb beach hacks project/Pods-csulb beach hacks project.debug.xcconfig"; sourceTree = "<group>"; };
		CD1DB9058CC146B6118C6A8B /* Pods_csulb_beach_hacks_project.framework */ = {isa = PBXFileReference; explicitFileType = wrapper.framework; includeInIndex = 0; path = Pods_csulb_beach_hacks_project.framework; sourceTree = BUILT_PRODUCTS_DIR; };
		DE25B6A91CB09FBF00F69A07 /* csulb beach hacks project.app */ = {isa = PBXFileReference; explicitFileType = wrapper.application; includeInIndex = 0; path = "csulb beach hacks project.app"; sourceTree = BUILT_PRODUCTS_DIR; };
		DE25B6AC1CB09FBF00F69A07 /* AppDelegate.swift */ = {isa = PBXFileReference; lastKnownFileType = sourcecode.swift; path = AppDelegate.swift; sourceTree = "<group>"; };
		DE25B6AE1CB09FBF00F69A07 /* ViewController.swift */ = {isa = PBXFileReference; lastKnownFileType = sourcecode.swift; path = ViewController.swift; sourceTree = "<group>"; };
		DE25B6B11CB09FBF00F69A07 /* Base */ = {isa = PBXFileReference; lastKnownFileType = file.storyboard; name = Base; path = Base.lproj/Main.storyboard; sourceTree = "<group>"; };
		DE25B6B31CB09FBF00F69A07 /* Assets.xcassets */ = {isa = PBXFileReference; lastKnownFileType = folder.assetcatalog; path = Assets.xcassets; sourceTree = "<group>"; };
		DE25B6B61CB09FBF00F69A07 /* Base */ = {isa = PBXFileReference; lastKnownFileType = file.storyboard; name = Base; path = Base.lproj/LaunchScreen.storyboard; sourceTree = "<group>"; };
		DE25B6B81CB09FBF00F69A07 /* Info.plist */ = {isa = PBXFileReference; lastKnownFileType = text.plist.xml; path = Info.plist; sourceTree = "<group>"; };
		DE25B6BD1CB09FBF00F69A07 /* csulb beach hacks projectTests.xctest */ = {isa = PBXFileReference; explicitFileType = wrapper.cfbundle; includeInIndex = 0; path = "csulb beach hacks projectTests.xctest"; sourceTree = BUILT_PRODUCTS_DIR; };
		DE25B6C11CB09FBF00F69A07 /* csulb_beach_hacks_projectTests.swift */ = {isa = PBXFileReference; lastKnownFileType = sourcecode.swift; path = csulb_beach_hacks_projectTests.swift; sourceTree = "<group>"; };
		DE25B6C31CB09FBF00F69A07 /* Info.plist */ = {isa = PBXFileReference; lastKnownFileType = text.plist.xml; path = Info.plist; sourceTree = "<group>"; };
		DE25B6C81CB09FBF00F69A07 /* csulb beach hacks projectUITests.xctest */ = {isa = PBXFileReference; explicitFileType = wrapper.cfbundle; includeInIndex = 0; path = "csulb beach hacks projectUITests.xctest"; sourceTree = BUILT_PRODUCTS_DIR; };
		DE25B6CC1CB09FBF00F69A07 /* csulb_beach_hacks_projectUITests.swift */ = {isa = PBXFileReference; lastKnownFileType = sourcecode.swift; path = csulb_beach_hacks_projectUITests.swift; sourceTree = "<group>"; };
		DE25B6CE1CB09FC000F69A07 /* Info.plist */ = {isa = PBXFileReference; lastKnownFileType = text.plist.xml; path = Info.plist; sourceTree = "<group>"; };
		DE25B6DC1CB1BF4100F69A07 /* GoogleDriveFoldersTableCtrlr.swift */ = {isa = PBXFileReference; fileEncoding = 4; lastKnownFileType = sourcecode.swift; path = GoogleDriveFoldersTableCtrlr.swift; sourceTree = "<group>"; };
		DE3DE48822CCDE91002881A1 /* FileUploadViewController.swift */ = {isa = PBXFileReference; lastKnownFileType = sourcecode.swift; path = FileUploadViewController.swift; sourceTree = "<group>"; };
		DE3DE48A22CCFC4D002881A1 /* SelectedFolderTableViewController.swift */ = {isa = PBXFileReference; lastKnownFileType = sourcecode.swift; path = SelectedFolderTableViewController.swift; sourceTree = "<group>"; };
		DE3DE48C22CD39E6002881A1 /* SelectedFileViewController.swift */ = {isa = PBXFileReference; lastKnownFileType = sourcecode.swift; path = SelectedFileViewController.swift; sourceTree = "<group>"; };
		DE4080D422D5427800685E4B /* NewFileViewController.swift */ = {isa = PBXFileReference; lastKnownFileType = sourcecode.swift; path = NewFileViewController.swift; sourceTree = "<group>"; };
		DE74A5B61CC16E8B00653126 /* GoogleDrive.swift */ = {isa = PBXFileReference; fileEncoding = 4; lastKnownFileType = sourcecode.swift; path = GoogleDrive.swift; sourceTree = "<group>"; };
/* End PBXFileReference section */

/* Begin PBXFrameworksBuildPhase section */
		DE25B6A61CB09FBF00F69A07 /* Frameworks */ = {
			isa = PBXFrameworksBuildPhase;
			buildActionMask = 2147483647;
			files = (
				83411690FCF42C78F35C06BB /* Pods_csulb_beach_hacks_project.framework in Frameworks */,
			);
			runOnlyForDeploymentPostprocessing = 0;
		};
		DE25B6BA1CB09FBF00F69A07 /* Frameworks */ = {
			isa = PBXFrameworksBuildPhase;
			buildActionMask = 2147483647;
			files = (
			);
			runOnlyForDeploymentPostprocessing = 0;
		};
		DE25B6C51CB09FBF00F69A07 /* Frameworks */ = {
			isa = PBXFrameworksBuildPhase;
			buildActionMask = 2147483647;
			files = (
			);
			runOnlyForDeploymentPostprocessing = 0;
		};
/* End PBXFrameworksBuildPhase section */

/* Begin PBXGroup section */
		807FD60F7A3FB776A9C41DD7 /* Frameworks */ = {
			isa = PBXGroup;
			children = (
				CD1DB9058CC146B6118C6A8B /* Pods_csulb_beach_hacks_project.framework */,
			);
			name = Frameworks;
			sourceTree = "<group>";
		};
		AEB06A4C95B414DB36CE04F7 /* Pods */ = {
			isa = PBXGroup;
			children = (
				7AF2A88966C292CDD99E1413 /* Pods-csulb beach hacks project.debug.xcconfig */,
				12A858B13E18A2219B812C32 /* Pods-csulb beach hacks project.release.xcconfig */,
			);
			path = Pods;
			sourceTree = "<group>";
		};
		DE25B6A01CB09FBF00F69A07 = {
			isa = PBXGroup;
			children = (
				DE25B6AB1CB09FBF00F69A07 /* csulb beach hacks project */,
				DE25B6C01CB09FBF00F69A07 /* csulb beach hacks projectTests */,
				DE25B6CB1CB09FBF00F69A07 /* csulb beach hacks projectUITests */,
				DE25B6AA1CB09FBF00F69A07 /* Products */,
				AEB06A4C95B414DB36CE04F7 /* Pods */,
				807FD60F7A3FB776A9C41DD7 /* Frameworks */,
			);
			sourceTree = "<group>";
		};
		DE25B6AA1CB09FBF00F69A07 /* Products */ = {
			isa = PBXGroup;
			children = (
				DE25B6A91CB09FBF00F69A07 /* csulb beach hacks project.app */,
				DE25B6BD1CB09FBF00F69A07 /* csulb beach hacks projectTests.xctest */,
				DE25B6C81CB09FBF00F69A07 /* csulb beach hacks projectUITests.xctest */,
			);
			name = Products;
			sourceTree = "<group>";
		};
		DE25B6AB1CB09FBF00F69A07 /* csulb beach hacks project */ = {
			isa = PBXGroup;
			children = (
				DE74A5B61CC16E8B00653126 /* GoogleDrive.swift */,
				DE25B6AC1CB09FBF00F69A07 /* AppDelegate.swift */,
				DE25B6AE1CB09FBF00F69A07 /* ViewController.swift */,
				DE25B6B01CB09FBF00F69A07 /* Main.storyboard */,
				DE3DE48822CCDE91002881A1 /* FileUploadViewController.swift */,
				DE4080D422D5427800685E4B /* NewFileViewController.swift */,
				DE25B6DC1CB1BF4100F69A07 /* GoogleDriveFoldersTableCtrlr.swift */,
				DE3DE48A22CCFC4D002881A1 /* SelectedFolderTableViewController.swift */,
				DE3DE48C22CD39E6002881A1 /* SelectedFileViewController.swift */,
				DE25B6B31CB09FBF00F69A07 /* Assets.xcassets */,
				DE25B6B51CB09FBF00F69A07 /* LaunchScreen.storyboard */,
				DE25B6B81CB09FBF00F69A07 /* Info.plist */,
			);
			path = "csulb beach hacks project";
			sourceTree = "<group>";
		};
		DE25B6C01CB09FBF00F69A07 /* csulb beach hacks projectTests */ = {
			isa = PBXGroup;
			children = (
				DE25B6C11CB09FBF00F69A07 /* csulb_beach_hacks_projectTests.swift */,
				DE25B6C31CB09FBF00F69A07 /* Info.plist */,
			);
			path = "csulb beach hacks projectTests";
			sourceTree = "<group>";
		};
		DE25B6CB1CB09FBF00F69A07 /* csulb beach hacks projectUITests */ = {
			isa = PBXGroup;
			children = (
				DE25B6CC1CB09FBF00F69A07 /* csulb_beach_hacks_projectUITests.swift */,
				DE25B6CE1CB09FC000F69A07 /* Info.plist */,
			);
			path = "csulb beach hacks projectUITests";
			sourceTree = "<group>";
		};
/* End PBXGroup section */

/* Begin PBXNativeTarget section */
		DE25B6A81CB09FBF00F69A07 /* csulb beach hacks project */ = {
			isa = PBXNativeTarget;
			buildConfigurationList = DE25B6D11CB09FC000F69A07 /* Build configuration list for PBXNativeTarget "csulb beach hacks project" */;
			buildPhases = (
				5EE40C6129B2505F64A86D7C /* [CP] Check Pods Manifest.lock */,
				DE25B6A51CB09FBF00F69A07 /* Sources */,
				DE25B6A61CB09FBF00F69A07 /* Frameworks */,
				DE25B6A71CB09FBF00F69A07 /* Resources */,
				6DB64C00D63AB9B50A247ABC /* [CP] Embed Pods Frameworks */,
				BDFA6DA87718BD6900C90564 /* [CP] Copy Pods Resources */,
			);
			buildRules = (
			);
			dependencies = (
			);
			name = "csulb beach hacks project";
			productName = "csulb beach hacks project";
			productReference = DE25B6A91CB09FBF00F69A07 /* csulb beach hacks project.app */;
			productType = "com.apple.product-type.application";
		};
		DE25B6BC1CB09FBF00F69A07 /* csulb beach hacks projectTests */ = {
			isa = PBXNativeTarget;
			buildConfigurationList = DE25B6D41CB09FC000F69A07 /* Build configuration list for PBXNativeTarget "csulb beach hacks projectTests" */;
			buildPhases = (
				DE25B6B91CB09FBF00F69A07 /* Sources */,
				DE25B6BA1CB09FBF00F69A07 /* Frameworks */,
				DE25B6BB1CB09FBF00F69A07 /* Resources */,
			);
			buildRules = (
			);
			dependencies = (
				DE25B6BF1CB09FBF00F69A07 /* PBXTargetDependency */,
			);
			name = "csulb beach hacks projectTests";
			productName = "csulb beach hacks projectTests";
			productReference = DE25B6BD1CB09FBF00F69A07 /* csulb beach hacks projectTests.xctest */;
			productType = "com.apple.product-type.bundle.unit-test";
		};
		DE25B6C71CB09FBF00F69A07 /* csulb beach hacks projectUITests */ = {
			isa = PBXNativeTarget;
			buildConfigurationList = DE25B6D71CB09FC000F69A07 /* Build configuration list for PBXNativeTarget "csulb beach hacks projectUITests" */;
			buildPhases = (
				DE25B6C41CB09FBF00F69A07 /* Sources */,
				DE25B6C51CB09FBF00F69A07 /* Frameworks */,
				DE25B6C61CB09FBF00F69A07 /* Resources */,
			);
			buildRules = (
			);
			dependencies = (
				DE25B6CA1CB09FBF00F69A07 /* PBXTargetDependency */,
			);
			name = "csulb beach hacks projectUITests";
			productName = "csulb beach hacks projectUITests";
			productReference = DE25B6C81CB09FBF00F69A07 /* csulb beach hacks projectUITests.xctest */;
			productType = "com.apple.product-type.bundle.ui-testing";
		};
/* End PBXNativeTarget section */

/* Begin PBXProject section */
		DE25B6A11CB09FBF00F69A07 /* Project object */ = {
			isa = PBXProject;
			attributes = {
				LastSwiftUpdateCheck = 0730;
				LastUpgradeCheck = 1020;
				ORGANIZATIONNAME = "Roland Gill";
				TargetAttributes = {
					DE25B6A81CB09FBF00F69A07 = {
						CreatedOnToolsVersion = 7.3;
						DevelopmentTeam = 9YXQ5SLNJM;
					};
					DE25B6BC1CB09FBF00F69A07 = {
						CreatedOnToolsVersion = 7.3;
						TestTargetID = DE25B6A81CB09FBF00F69A07;
					};
					DE25B6C71CB09FBF00F69A07 = {
						CreatedOnToolsVersion = 7.3;
						TestTargetID = DE25B6A81CB09FBF00F69A07;
					};
				};
			};
			buildConfigurationList = DE25B6A41CB09FBF00F69A07 /* Build configuration list for PBXProject "csulb beach hacks project" */;
			compatibilityVersion = "Xcode 3.2";
			developmentRegion = en;
			hasScannedForEncodings = 0;
			knownRegions = (
				en,
				Base,
			);
			mainGroup = DE25B6A01CB09FBF00F69A07;
			productRefGroup = DE25B6AA1CB09FBF00F69A07 /* Products */;
			projectDirPath = "";
			projectRoot = "";
			targets = (
				DE25B6A81CB09FBF00F69A07 /* csulb beach hacks project */,
				DE25B6BC1CB09FBF00F69A07 /* csulb beach hacks projectTests */,
				DE25B6C71CB09FBF00F69A07 /* csulb beach hacks projectUITests */,
			);
		};
/* End PBXProject section */

/* Begin PBXResourcesBuildPhase section */
		DE25B6A71CB09FBF00F69A07 /* Resources */ = {
			isa = PBXResourcesBuildPhase;
			buildActionMask = 2147483647;
			files = (
				DE25B6B71CB09FBF00F69A07 /* LaunchScreen.storyboard in Resources */,
				DE25B6B41CB09FBF00F69A07 /* Assets.xcassets in Resources */,
				DE25B6B21CB09FBF00F69A07 /* Main.storyboard in Resources */,
			);
			runOnlyForDeploymentPostprocessing = 0;
		};
		DE25B6BB1CB09FBF00F69A07 /* Resources */ = {
			isa = PBXResourcesBuildPhase;
			buildActionMask = 2147483647;
			files = (
			);
			runOnlyForDeploymentPostprocessing = 0;
		};
		DE25B6C61CB09FBF00F69A07 /* Resources */ = {
			isa = PBXResourcesBuildPhase;
			buildActionMask = 2147483647;
			files = (
			);
			runOnlyForDeploymentPostprocessing = 0;
		};
/* End PBXResourcesBuildPhase section */

/* Begin PBXShellScriptBuildPhase section */
		5EE40C6129B2505F64A86D7C /* [CP] Check Pods Manifest.lock */ = {
			isa = PBXShellScriptBuildPhase;
			buildActionMask = 2147483647;
			files = (
			);
			inputFileListPaths = (
			);
			inputPaths = (
				"${PODS_PODFILE_DIR_PATH}/Podfile.lock",
				"${PODS_ROOT}/Manifest.lock",
			);
			name = "[CP] Check Pods Manifest.lock";
			outputFileListPaths = (
			);
			outputPaths = (
				"$(DERIVED_FILE_DIR)/Pods-csulb beach hacks project-checkManifestLockResult.txt",
			);
			runOnlyForDeploymentPostprocessing = 0;
			shellPath = /bin/sh;
			shellScript = "diff \"${PODS_PODFILE_DIR_PATH}/Podfile.lock\" \"${PODS_ROOT}/Manifest.lock\" > /dev/null\nif [ $? != 0 ] ; then\n    # print error to STDERR\n    echo \"error: The sandbox is not in sync with the Podfile.lock. Run 'pod install' or update your CocoaPods installation.\" >&2\n    exit 1\nfi\n# This output is used by Xcode 'outputs' to avoid re-running this script phase.\necho \"SUCCESS\" > \"${SCRIPT_OUTPUT_FILE_0}\"\n";
			showEnvVarsInLog = 0;
		};
		6DB64C00D63AB9B50A247ABC /* [CP] Embed Pods Frameworks */ = {
			isa = PBXShellScriptBuildPhase;
			buildActionMask = 2147483647;
			files = (
			);
			inputPaths = (
				"${PODS_ROOT}/Target Support Files/Pods-csulb beach hacks project/Pods-csulb beach hacks project-frameworks.sh",
				"${BUILT_PRODUCTS_DIR}/GTMSessionFetcher/GTMSessionFetcher.framework",
				"${BUILT_PRODUCTS_DIR}/GoogleAPIClientForREST/GoogleAPIClientForREST.framework",
				"${BUILT_PRODUCTS_DIR}/GoogleToolboxForMac/GoogleToolboxForMac.framework",
			);
			name = "[CP] Embed Pods Frameworks";
			outputPaths = (
				"${TARGET_BUILD_DIR}/${FRAMEWORKS_FOLDER_PATH}/GTMSessionFetcher.framework",
				"${TARGET_BUILD_DIR}/${FRAMEWORKS_FOLDER_PATH}/GoogleAPIClientForREST.framework",
				"${TARGET_BUILD_DIR}/${FRAMEWORKS_FOLDER_PATH}/GoogleToolboxForMac.framework",
			);
			runOnlyForDeploymentPostprocessing = 0;
			shellPath = /bin/sh;
			shellScript = "\"${PODS_ROOT}/Target Support Files/Pods-csulb beach hacks project/Pods-csulb beach hacks project-frameworks.sh\"\n";
			showEnvVarsInLog = 0;
		};
		BDFA6DA87718BD6900C90564 /* [CP] Copy Pods Resources */ = {
			isa = PBXShellScriptBuildPhase;
			buildActionMask = 2147483647;
			files = (
			);
			inputPaths = (
				"${PODS_ROOT}/Target Support Files/Pods-csulb beach hacks project/Pods-csulb beach hacks project-resources.sh",
				"${PODS_ROOT}/GoogleSignIn/Resources/GoogleSignIn.bundle",
			);
			name = "[CP] Copy Pods Resources";
			outputPaths = (
				"${TARGET_BUILD_DIR}/${UNLOCALIZED_RESOURCES_FOLDER_PATH}/GoogleSignIn.bundle",
			);
			runOnlyForDeploymentPostprocessing = 0;
			shellPath = /bin/sh;
			shellScript = "\"${PODS_ROOT}/Target Support Files/Pods-csulb beach hacks project/Pods-csulb beach hacks project-resources.sh\"\n";
			showEnvVarsInLog = 0;
		};
/* End PBXShellScriptBuildPhase section */

/* Begin PBXSourcesBuildPhase section */
		DE25B6A51CB09FBF00F69A07 /* Sources */ = {
			isa = PBXSourcesBuildPhase;
			buildActionMask = 2147483647;
			files = (
				DE25B6AF1CB09FBF00F69A07 /* ViewController.swift in Sources */,
				DE3DE48D22CD39E6002881A1 /* SelectedFileViewController.swift in Sources */,
				DE25B6DD1CB1BF4100F69A07 /* GoogleDriveFoldersTableCtrlr.swift in Sources */,
				DE25B6AD1CB09FBF00F69A07 /* AppDelegate.swift in Sources */,
				DE74A5B71CC16E8B00653126 /* GoogleDrive.swift in Sources */,
				DE3DE48B22CCFC4D002881A1 /* SelectedFolderTableViewController.swift in Sources */,
				DE3DE48922CCDE91002881A1 /* FileUploadViewController.swift in Sources */,
				DE4080D522D5427800685E4B /* NewFileViewController.swift in Sources */,
			);
			runOnlyForDeploymentPostprocessing = 0;
		};
		DE25B6B91CB09FBF00F69A07 /* Sources */ = {
			isa = PBXSourcesBuildPhase;
			buildActionMask = 2147483647;
			files = (
				DE25B6C21CB09FBF00F69A07 /* csulb_beach_hacks_projectTests.swift in Sources */,
			);
			runOnlyForDeploymentPostprocessing = 0;
		};
		DE25B6C41CB09FBF00F69A07 /* Sources */ = {
			isa = PBXSourcesBuildPhase;
			buildActionMask = 2147483647;
			files = (
				DE25B6CD1CB09FBF00F69A07 /* csulb_beach_hacks_projectUITests.swift in Sources */,
			);
			runOnlyForDeploymentPostprocessing = 0;
		};
/* End PBXSourcesBuildPhase section */

/* Begin PBXTargetDependency section */
		DE25B6BF1CB09FBF00F69A07 /* PBXTargetDependency */ = {
			isa = PBXTargetDependency;
			target = DE25B6A81CB09FBF00F69A07 /* csulb beach hacks project */;
			targetProxy = DE25B6BE1CB09FBF00F69A07 /* PBXContainerItemProxy */;
		};
		DE25B6CA1CB09FBF00F69A07 /* PBXTargetDependency */ = {
			isa = PBXTargetDependency;
			target = DE25B6A81CB09FBF00F69A07 /* csulb beach hacks project */;
			targetProxy = DE25B6C91CB09FBF00F69A07 /* PBXContainerItemProxy */;
		};
/* End PBXTargetDependency section */

/* Begin PBXVariantGroup section */
		DE25B6B01CB09FBF00F69A07 /* Main.storyboard */ = {
			isa = PBXVariantGroup;
			children = (
				DE25B6B11CB09FBF00F69A07 /* Base */,
			);
			name = Main.storyboard;
			sourceTree = "<group>";
		};
		DE25B6B51CB09FBF00F69A07 /* LaunchScreen.storyboard */ = {
			isa = PBXVariantGroup;
			children = (
				DE25B6B61CB09FBF00F69A07 /* Base */,
			);
			name = LaunchScreen.storyboard;
			sourceTree = "<group>";
		};
/* End PBXVariantGroup section */

/* Begin XCBuildConfiguration section */
		DE25B6CF1CB09FC000F69A07 /* Debug */ = {
			isa = XCBuildConfiguration;
			buildSettings = {
				ALWAYS_SEARCH_USER_PATHS = NO;
				CLANG_ANALYZER_LOCALIZABILITY_NONLOCALIZED = YES;
				CLANG_ANALYZER_NONNULL = YES;
				CLANG_CXX_LANGUAGE_STANDARD = "gnu++0x";
				CLANG_CXX_LIBRARY = "libc++";
				CLANG_ENABLE_MODULES = YES;
				CLANG_ENABLE_OBJC_ARC = YES;
				CLANG_WARN_BLOCK_CAPTURE_AUTORELEASING = YES;
				CLANG_WARN_BOOL_CONVERSION = YES;
				CLANG_WARN_COMMA = YES;
				CLANG_WARN_CONSTANT_CONVERSION = YES;
				CLANG_WARN_DEPRECATED_OBJC_IMPLEMENTATIONS = YES;
				CLANG_WARN_DIRECT_OBJC_ISA_USAGE = YES_ERROR;
				CLANG_WARN_EMPTY_BODY = YES;
				CLANG_WARN_ENUM_CONVERSION = YES;
				CLANG_WARN_INFINITE_RECURSION = YES;
				CLANG_WARN_INT_CONVERSION = YES;
				CLANG_WARN_NON_LITERAL_NULL_CONVERSION = YES;
				CLANG_WARN_OBJC_IMPLICIT_RETAIN_SELF = YES;
				CLANG_WARN_OBJC_LITERAL_CONVERSION = YES;
				CLANG_WARN_OBJC_ROOT_CLASS = YES_ERROR;
				CLANG_WARN_RANGE_LOOP_ANALYSIS = YES;
				CLANG_WARN_STRICT_PROTOTYPES = YES;
				CLANG_WARN_SUSPICIOUS_MOVE = YES;
				CLANG_WARN_UNREACHABLE_CODE = YES;
				CLANG_WARN__DUPLICATE_METHOD_MATCH = YES;
				"CODE_SIGN_IDENTITY[sdk=iphoneos*]" = "iPhone Developer";
				COPY_PHASE_STRIP = NO;
				DEBUG_INFORMATION_FORMAT = dwarf;
				ENABLE_STRICT_OBJC_MSGSEND = YES;
				ENABLE_TESTABILITY = YES;
				GCC_C_LANGUAGE_STANDARD = gnu99;
				GCC_DYNAMIC_NO_PIC = NO;
				GCC_NO_COMMON_BLOCKS = YES;
				GCC_OPTIMIZATION_LEVEL = 0;
				GCC_PREPROCESSOR_DEFINITIONS = (
					"DEBUG=1",
					"$(inherited)",
				);
				GCC_WARN_64_TO_32_BIT_CONVERSION = YES;
				GCC_WARN_ABOUT_RETURN_TYPE = YES_ERROR;
				GCC_WARN_UNDECLARED_SELECTOR = YES;
				GCC_WARN_UNINITIALIZED_AUTOS = YES_AGGRESSIVE;
				GCC_WARN_UNUSED_FUNCTION = YES;
				GCC_WARN_UNUSED_VARIABLE = YES;
				IPHONEOS_DEPLOYMENT_TARGET = 12.2;
				MTL_ENABLE_DEBUG_INFO = YES;
				ONLY_ACTIVE_ARCH = YES;
				SDKROOT = iphoneos;
				SWIFT_OPTIMIZATION_LEVEL = "-Onone";
			};
			name = Debug;
		};
		DE25B6D01CB09FC000F69A07 /* Release */ = {
			isa = XCBuildConfiguration;
			buildSettings = {
				ALWAYS_SEARCH_USER_PATHS = NO;
				CLANG_ANALYZER_LOCALIZABILITY_NONLOCALIZED = YES;
				CLANG_ANALYZER_NONNULL = YES;
				CLANG_CXX_LANGUAGE_STANDARD = "gnu++0x";
				CLANG_CXX_LIBRARY = "libc++";
				CLANG_ENABLE_MODULES = YES;
				CLANG_ENABLE_OBJC_ARC = YES;
				CLANG_WARN_BLOCK_CAPTURE_AUTORELEASING = YES;
				CLANG_WARN_BOOL_CONVERSION = YES;
				CLANG_WARN_COMMA = YES;
				CLANG_WARN_CONSTANT_CONVERSION = YES;
				CLANG_WARN_DEPRECATED_OBJC_IMPLEMENTATIONS = YES;
				CLANG_WARN_DIRECT_OBJC_ISA_USAGE = YES_ERROR;
				CLANG_WARN_EMPTY_BODY = YES;
				CLANG_WARN_ENUM_CONVERSION = YES;
				CLANG_WARN_INFINITE_RECURSION = YES;
				CLANG_WARN_INT_CONVERSION = YES;
				CLANG_WARN_NON_LITERAL_NULL_CONVERSION = YES;
				CLANG_WARN_OBJC_IMPLICIT_RETAIN_SELF = YES;
				CLANG_WARN_OBJC_LITERAL_CONVERSION = YES;
				CLANG_WARN_OBJC_ROOT_CLASS = YES_ERROR;
				CLANG_WARN_RANGE_LOOP_ANALYSIS = YES;
				CLANG_WARN_STRICT_PROTOTYPES = YES;
				CLANG_WARN_SUSPICIOUS_MOVE = YES;
				CLANG_WARN_UNREACHABLE_CODE = YES;
				CLANG_WARN__DUPLICATE_METHOD_MATCH = YES;
				"CODE_SIGN_IDENTITY[sdk=iphoneos*]" = "iPhone Developer";
				COPY_PHASE_STRIP = NO;
				DEBUG_INFORMATION_FORMAT = "dwarf-with-dsym";
				ENABLE_NS_ASSERTIONS = NO;
				ENABLE_STRICT_OBJC_MSGSEND = YES;
				GCC_C_LANGUAGE_STANDARD = gnu99;
				GCC_NO_COMMON_BLOCKS = YES;
				GCC_WARN_64_TO_32_BIT_CONVERSION = YES;
				GCC_WARN_ABOUT_RETURN_TYPE = YES_ERROR;
				GCC_WARN_UNDECLARED_SELECTOR = YES;
				GCC_WARN_UNINITIALIZED_AUTOS = YES_AGGRESSIVE;
				GCC_WARN_UNUSED_FUNCTION = YES;
				GCC_WARN_UNUSED_VARIABLE = YES;
				IPHONEOS_DEPLOYMENT_TARGET = 12.2;
				MTL_ENABLE_DEBUG_INFO = NO;
				SDKROOT = iphoneos;
				SWIFT_COMPILATION_MODE = wholemodule;
				VALIDATE_PRODUCT = YES;
			};
			name = Release;
		};
		DE25B6D21CB09FC000F69A07 /* Debug */ = {
			isa = XCBuildConfiguration;
			baseConfigurationReference = 7AF2A88966C292CDD99E1413 /* Pods-csulb beach hacks project.debug.xcconfig */;
			buildSettings = {
				ALWAYS_EMBED_SWIFT_STANDARD_LIBRARIES = YES;
				ASSETCATALOG_COMPILER_APPICON_NAME = AppIcon;
				DEVELOPMENT_TEAM = 9YXQ5SLNJM;
				INFOPLIST_FILE = "csulb beach hacks project/Info.plist";
				IPHONEOS_DEPLOYMENT_TARGET = 12.2;
				LD_RUNPATH_SEARCH_PATHS = "$(inherited) @executable_path/Frameworks";
				PRODUCT_BUNDLE_IDENTIFIER = "com.roland.csulb-beach-hacks-project";
				PRODUCT_NAME = "$(TARGET_NAME)";
				SWIFT_VERSION = 5.0;
			};
			name = Debug;
		};
		DE25B6D31CB09FC000F69A07 /* Release */ = {
			isa = XCBuildConfiguration;
			baseConfigurationReference = 12A858B13E18A2219B812C32 /* Pods-csulb beach hacks project.release.xcconfig */;
			buildSettings = {
				ALWAYS_EMBED_SWIFT_STANDARD_LIBRARIES = YES;
				ASSETCATALOG_COMPILER_APPICON_NAME = AppIcon;
				DEVELOPMENT_TEAM = 9YXQ5SLNJM;
				INFOPLIST_FILE = "csulb beach hacks project/Info.plist";
				IPHONEOS_DEPLOYMENT_TARGET = 12.2;
				LD_RUNPATH_SEARCH_PATHS = "$(inherited) @executable_path/Frameworks";
				PRODUCT_BUNDLE_IDENTIFIER = "com.roland.csulb-beach-hacks-project";
				PRODUCT_NAME = "$(TARGET_NAME)";
				SWIFT_VERSION = 5.0;
			};
			name = Release;
		};
		DE25B6D51CB09FC000F69A07 /* Debug */ = {
			isa = XCBuildConfiguration;
			buildSettings = {
				BUNDLE_LOADER = "$(TEST_HOST)";
				INFOPLIST_FILE = "csulb beach hacks projectTests/Info.plist";
				LD_RUNPATH_SEARCH_PATHS = "$(inherited) @executable_path/Frameworks @loader_path/Frameworks";
				PRODUCT_BUNDLE_IDENTIFIER = "com.roland.csulb-beach-hacks-projectTests";
				PRODUCT_NAME = "$(TARGET_NAME)";
				TEST_HOST = "$(BUILT_PRODUCTS_DIR)/csulb beach hacks project.app/csulb beach hacks project";
			};
			name = Debug;
		};
		DE25B6D61CB09FC000F69A07 /* Release */ = {
			isa = XCBuildConfiguration;
			buildSettings = {
				BUNDLE_LOADER = "$(TEST_HOST)";
				INFOPLIST_FILE = "csulb beach hacks projectTests/Info.plist";
				LD_RUNPATH_SEARCH_PATHS = "$(inherited) @executable_path/Frameworks @loader_path/Frameworks";
				PRODUCT_BUNDLE_IDENTIFIER = "com.roland.csulb-beach-hacks-projectTests";
				PRODUCT_NAME = "$(TARGET_NAME)";
				TEST_HOST = "$(BUILT_PRODUCTS_DIR)/csulb beach hacks project.app/csulb beach hacks project";
			};
			name = Release;
		};
		DE25B6D81CB09FC000F69A07 /* Debug */ = {
			isa = XCBuildConfiguration;
			buildSettings = {
				INFOPLIST_FILE = "csulb beach hacks projectUITests/Info.plist";
				LD_RUNPATH_SEARCH_PATHS = "$(inherited) @executable_path/Frameworks @loader_path/Frameworks";
				PRODUCT_BUNDLE_IDENTIFIER = "com.roland.csulb-beach-hacks-projectUITests";
				PRODUCT_NAME = "$(TARGET_NAME)";
				TEST_TARGET_NAME = "csulb beach hacks project";
			};
			name = Debug;
		};
		DE25B6D91CB09FC000F69A07 /* Release */ = {
			isa = XCBuildConfiguration;
			buildSettings = {
				INFOPLIST_FILE = "csulb beach hacks projectUITests/Info.plist";
				LD_RUNPATH_SEARCH_PATHS = "$(inherited) @executable_path/Frameworks @loader_path/Frameworks";
				PRODUCT_BUNDLE_IDENTIFIER = "com.roland.csulb-beach-hacks-projectUITests";
				PRODUCT_NAME = "$(TARGET_NAME)";
				TEST_TARGET_NAME = "csulb beach hacks project";
			};
			name = Release;
		};
/* End XCBuildConfiguration section */

/* Begin XCConfigurationList section */
		DE25B6A41CB09FBF00F69A07 /* Build configuration list for PBXProject "csulb beach hacks project" */ = {
			isa = XCConfigurationList;
			buildConfigurations = (
				DE25B6CF1CB09FC000F69A07 /* Debug */,
				DE25B6D01CB09FC000F69A07 /* Release */,
			);
			defaultConfigurationIsVisible = 0;
			defaultConfigurationName = Release;
		};
		DE25B6D11CB09FC000F69A07 /* Build configuration list for PBXNativeTarget "csulb beach hacks project" */ = {
			isa = XCConfigurationList;
			buildConfigurations = (
				DE25B6D21CB09FC000F69A07 /* Debug */,
				DE25B6D31CB09FC000F69A07 /* Release */,
			);
			defaultConfigurationIsVisible = 0;
			defaultConfigurationName = Release;
		};
		DE25B6D41CB09FC000F69A07 /* Build configuration list for PBXNativeTarget "csulb beach hacks projectTests" */ = {
			isa = XCConfigurationList;
			buildConfigurations = (
				DE25B6D51CB09FC000F69A07 /* Debug */,
				DE25B6D61CB09FC000F69A07 /* Release */,
			);
			defaultConfigurationIsVisible = 0;
			defaultConfigurationName = Release;
		};
		DE25B6D71CB09FC000F69A07 /* Build configuration list for PBXNativeTarget "csulb beach hacks projectUITests" */ = {
			isa = XCConfigurationList;
			buildConfigurations = (
				DE25B6D81CB09FC000F69A07 /* Debug */,
				DE25B6D91CB09FC000F69A07 /* Release */,
			);
			defaultConfigurationIsVisible = 0;
			defaultConfigurationName = Release;
		};
/* End XCConfigurationList section */
	};
	rootObject = DE25B6A11CB09FBF00F69A07 /* Project object */;
}
